
Microsoft Visual Studio Solution File, Format Version 12.00
# Visual Studio 15
Project("{FAE04EC0-301F-11D3-BF4B-00C04F79EFBC}") = "OWCE.Android", "OWCE.Android\OWCE.Android.csproj", "{6A656452-53F5-4FB8-86CC-EBA9B0632B86}"
EndProject
Project("{FAE04EC0-301F-11D3-BF4B-00C04F79EFBC}") = "OWCE.iOS", "OWCE.iOS\OWCE.iOS.csproj", "{586E6F55-8D2C-416B-85F5-593B35CD798F}"
EndProject
Project("{FAE04EC0-301F-11D3-BF4B-00C04F79EFBC}") = "OWCE", "OWCE\OWCE.csproj", "{ED9E33C3-F6C4-4787-ACEE-57CEE96A1D25}"
EndProject
Global
	GlobalSection(SolutionConfigurationPlatforms) = preSolution
		Debug|Any CPU = Debug|Any CPU
		Release|Any CPU = Release|Any CPU
		Debug|iPhoneSimulator = Debug|iPhoneSimulator
		Release|iPhoneSimulator = Release|iPhoneSimulator
		Debug|iPhone = Debug|iPhone
		Release|iPhone = Release|iPhone
		Ad-Hoc|iPhone = Ad-Hoc|iPhone
		AppStore|iPhone = AppStore|iPhone
	EndGlobalSection
	GlobalSection(ProjectConfigurationPlatforms) = postSolution
		{6A656452-53F5-4FB8-86CC-EBA9B0632B86}.Debug|Any CPU.ActiveCfg = Debug|Any CPU
		{6A656452-53F5-4FB8-86CC-EBA9B0632B86}.Debug|Any CPU.Build.0 = Debug|Any CPU
		{6A656452-53F5-4FB8-86CC-EBA9B0632B86}.Release|Any CPU.ActiveCfg = Release|Any CPU
		{6A656452-53F5-4FB8-86CC-EBA9B0632B86}.Release|Any CPU.Build.0 = Release|Any CPU
		{6A656452-53F5-4FB8-86CC-EBA9B0632B86}.Debug|iPhoneSimulator.ActiveCfg = Debug|Any CPU
		{6A656452-53F5-4FB8-86CC-EBA9B0632B86}.Debug|iPhoneSimulator.Build.0 = Debug|Any CPU
		{6A656452-53F5-4FB8-86CC-EBA9B0632B86}.Release|iPhoneSimulator.ActiveCfg = Release|Any CPU
		{6A656452-53F5-4FB8-86CC-EBA9B0632B86}.Release|iPhoneSimulator.Build.0 = Release|Any CPU
		{6A656452-53F5-4FB8-86CC-EBA9B0632B86}.Debug|iPhone.ActiveCfg = Debug|Any CPU
		{6A656452-53F5-4FB8-86CC-EBA9B0632B86}.Debug|iPhone.Build.0 = Debug|Any CPU
		{6A656452-53F5-4FB8-86CC-EBA9B0632B86}.Release|iPhone.ActiveCfg = Release|Any CPU
		{6A656452-53F5-4FB8-86CC-EBA9B0632B86}.Release|iPhone.Build.0 = Release|Any CPU
		{6A656452-53F5-4FB8-86CC-EBA9B0632B86}.Ad-Hoc|iPhone.ActiveCfg = Debug|Any CPU
		{6A656452-53F5-4FB8-86CC-EBA9B0632B86}.Ad-Hoc|iPhone.Build.0 = Debug|Any CPU
		{6A656452-53F5-4FB8-86CC-EBA9B0632B86}.AppStore|iPhone.ActiveCfg = Debug|Any CPU
		{6A656452-53F5-4FB8-86CC-EBA9B0632B86}.AppStore|iPhone.Build.0 = Debug|Any CPU
		{586E6F55-8D2C-416B-85F5-593B35CD798F}.Debug|Any CPU.ActiveCfg = Debug|iPhoneSimulator
		{586E6F55-8D2C-416B-85F5-593B35CD798F}.Debug|Any CPU.Build.0 = Debug|iPhoneSimulator
		{586E6F55-8D2C-416B-85F5-593B35CD798F}.Release|Any CPU.ActiveCfg = Release|iPhoneSimulator
		{586E6F55-8D2C-416B-85F5-593B35CD798F}.Release|Any CPU.Build.0 = Release|iPhoneSimulator
		{586E6F55-8D2C-416B-85F5-593B35CD798F}.Debug|iPhoneSimulator.ActiveCfg = Debug|iPhoneSimulator
		{586E6F55-8D2C-416B-85F5-593B35CD798F}.Debug|iPhoneSimulator.Build.0 = Debug|iPhoneSimulator
		{586E6F55-8D2C-416B-85F5-593B35CD798F}.Release|iPhoneSimulator.ActiveCfg = Release|iPhoneSimulator
		{586E6F55-8D2C-416B-85F5-593B35CD798F}.Release|iPhoneSimulator.Build.0 = Release|iPhoneSimulator
		{586E6F55-8D2C-416B-85F5-593B35CD798F}.Debug|iPhone.ActiveCfg = Debug|iPhone
		{586E6F55-8D2C-416B-85F5-593B35CD798F}.Debug|iPhone.Build.0 = Debug|iPhone
		{586E6F55-8D2C-416B-85F5-593B35CD798F}.Release|iPhone.ActiveCfg = Release|iPhone
		{586E6F55-8D2C-416B-85F5-593B35CD798F}.Release|iPhone.Build.0 = Release|iPhone
		{586E6F55-8D2C-416B-85F5-593B35CD798F}.Ad-Hoc|iPhone.ActiveCfg = Ad-Hoc|iPhone
		{586E6F55-8D2C-416B-85F5-593B35CD798F}.Ad-Hoc|iPhone.Build.0 = Ad-Hoc|iPhone
		{586E6F55-8D2C-416B-85F5-593B35CD798F}.AppStore|iPhone.ActiveCfg = AppStore|iPhone
		{586E6F55-8D2C-416B-85F5-593B35CD798F}.AppStore|iPhone.Build.0 = AppStore|iPhone
		{ED9E33C3-F6C4-4787-ACEE-57CEE96A1D25}.Debug|Any CPU.ActiveCfg = Debug|Any CPU
		{ED9E33C3-F6C4-4787-ACEE-57CEE96A1D25}.Debug|Any CPU.Build.0 = Debug|Any CPU
		{ED9E33C3-F6C4-4787-ACEE-57CEE96A1D25}.Release|Any CPU.ActiveCfg = Release|Any CPU
		{ED9E33C3-F6C4-4787-ACEE-57CEE96A1D25}.Release|Any CPU.Build.0 = Release|Any CPU
		{ED9E33C3-F6C4-4787-ACEE-57CEE96A1D25}.Debug|iPhoneSimulator.ActiveCfg = Debug|Any CPU
		{ED9E33C3-F6C4-4787-ACEE-57CEE96A1D25}.Debug|iPhoneSimulator.Build.0 = Debug|Any CPU
		{ED9E33C3-F6C4-4787-ACEE-57CEE96A1D25}.Release|iPhoneSimulator.ActiveCfg = Release|Any CPU
		{ED9E33C3-F6C4-4787-ACEE-57CEE96A1D25}.Release|iPhoneSimulator.Build.0 = Release|Any CPU
		{ED9E33C3-F6C4-4787-ACEE-57CEE96A1D25}.Debug|iPhone.ActiveCfg = Debug|Any CPU
		{ED9E33C3-F6C4-4787-ACEE-57CEE96A1D25}.Debug|iPhone.Build.0 = Debug|Any CPU
		{ED9E33C3-F6C4-4787-ACEE-57CEE96A1D25}.Release|iPhone.ActiveCfg = Release|Any CPU
		{ED9E33C3-F6C4-4787-ACEE-57CEE96A1D25}.Release|iPhone.Build.0 = Release|Any CPU
		{ED9E33C3-F6C4-4787-ACEE-57CEE96A1D25}.Ad-Hoc|iPhone.ActiveCfg = Debug|Any CPU
		{ED9E33C3-F6C4-4787-ACEE-57CEE96A1D25}.Ad-Hoc|iPhone.Build.0 = Debug|Any CPU
		{ED9E33C3-F6C4-4787-ACEE-57CEE96A1D25}.AppStore|iPhone.ActiveCfg = Debug|Any CPU
		{ED9E33C3-F6C4-4787-ACEE-57CEE96A1D25}.AppStore|iPhone.Build.0 = Debug|Any CPU
	EndGlobalSection
EndGlobal
